lockfileVersion: 5.4

specifiers:
  zenn-cli: ^0.1.122

devDependencies:
  zenn-cli: 0.1.122

packages:

  /zenn-cli/0.1.122:
    resolution: {integrity: sha512-bJfaj9cbQV01jnFqn9wEYJgtPDJs2pibFN0SGOkICQ/ku03ScC4KDVq9/CYHb33s/hlgbcclhnqPyCpESdoCGw==}
    engines: {node: '>=14.0.0'}
    hasBin: true
    dev: true
