lockfileVersion: 5.4

specifiers:
  zenn-cli: ^0.1.125

devDependencies:
  zenn-cli: 0.1.125

packages:

  /zenn-cli/0.1.125:
    resolution: {integrity: sha512-ChV53yyQOltSIAbp+yjNSuloFbwNjlQtp0YfnLzIpqlnV1bdj0QgJtTSvVoC1LGcfa4cDGciR5d/pu/Si2WCbw==}
    engines: {node: '>=14.0.0'}
    hasBin: true
    dev: true
